
Microsoft Visual Studio Solution File, Format Version 12.00
# Visual Studio Version 17
VisualStudioVersion = 17.4.33213.308
MinimumVisualStudioVersion = 10.0.40219.1
Project("{FAE04EC0-301F-11D3-BF4B-00C04F79EFBC}") = "cambioDeMoneda", "cambioDeMoneda.csproj", "{77DDEEC0-5D9A-4724-8CA5-A557B7E08A5A}"
EndProject
Global
	GlobalSection(SolutionConfigurationPlatforms) = preSolution
		Debug|Any CPU = Debug|Any CPU
		Release|Any CPU = Release|Any CPU
	EndGlobalSection
	GlobalSection(ProjectConfigurationPlatforms) = postSolution
		{77DDEEC0-5D9A-4724-8CA5-A557B7E08A5A}.Debug|Any CPU.ActiveCfg = Debug|Any CPU
		{77DDEEC0-5D9A-4724-8CA5-A557B7E08A5A}.Debug|Any CPU.Build.0 = Debug|Any CPU
		{77DDEEC0-5D9A-4724-8CA5-A557B7E08A5A}.Release|Any CPU.ActiveCfg = Release|Any CPU
		{77DDEEC0-5D9A-4724-8CA5-A557B7E08A5A}.Release|Any CPU.Build.0 = Release|Any CPU
	EndGlobalSection
	GlobalSection(SolutionProperties) = preSolution
		HideSolutionNode = FALSE
	EndGlobalSection
	GlobalSection(ExtensibilityGlobals) = postSolution
		SolutionGuid = {CA9C2020-317A-4A8A-9F3B-1E697B303A1A}
	EndGlobalSection
EndGlobal
